PODS:
  - ADAL (2.3.0):
    - ADAL/app-lib (= 2.3.0)
  - ADAL/app-lib (2.3.0):
    - ADAL/tokencacheheader
  - ADAL/tokencacheheader (2.3.0)

DEPENDENCIES:
  - ADAL (~> 2.3)

SPEC CHECKSUMS:
  ADAL: 3ce88c2246393ef8b04f3f27f56b58f46c75fabf

PODFILE CHECKSUM: e806eec14bca292d413694fb9569eeffca22db4d

COCOAPODS: 1.2.0
